
Microsoft Visual Studio Solution File, Format Version 12.00
# Visual Studio Version 16
VisualStudioVersion = 16.0.29613.14
MinimumVisualStudioVersion = 10.0.40219.1
Project("{9A19103F-16F7-4668-BE54-9A1E7A4F7556}") = "Management", "Management\Management.csproj", "{FA9D4FCC-D8D5-458B-912F-89E3DF740DFE}"
EndProject
Project("{9A19103F-16F7-4668-BE54-9A1E7A4F7556}") = "Management.Implementation", "Management.Implementation\Management.Implementation.csproj", "{26CFD65F-6382-4F83-8AC1-69AB949F2D0C}"
EndProject
Project("{9A19103F-16F7-4668-BE54-9A1E7A4F7556}") = "Web.Implementation", "Web.Implementation\Web.Implementation.csproj", "{B5EB9119-2AEC-4267-B28C-39F56E69683E}"
EndProject
Global
	GlobalSection(SolutionConfigurationPlatforms) = preSolution
		Debug|Any CPU = Debug|Any CPU
		Release|Any CPU = Release|Any CPU
	EndGlobalSection
	GlobalSection(ProjectConfigurationPlatforms) = postSolution
		{FA9D4FCC-D8D5-458B-912F-89E3DF740DFE}.Debug|Any CPU.ActiveCfg = Debug|Any CPU
		{FA9D4FCC-D8D5-458B-912F-89E3DF740DFE}.Debug|Any CPU.Build.0 = Debug|Any CPU
		{FA9D4FCC-D8D5-458B-912F-89E3DF740DFE}.Release|Any CPU.ActiveCfg = Release|Any CPU
		{FA9D4FCC-D8D5-458B-912F-89E3DF740DFE}.Release|Any CPU.Build.0 = Release|Any CPU
		{26CFD65F-6382-4F83-8AC1-69AB949F2D0C}.Debug|Any CPU.ActiveCfg = Debug|Any CPU
		{26CFD65F-6382-4F83-8AC1-69AB949F2D0C}.Debug|Any CPU.Build.0 = Debug|Any CPU
		{26CFD65F-6382-4F83-8AC1-69AB949F2D0C}.Release|Any CPU.ActiveCfg = Release|Any CPU
		{26CFD65F-6382-4F83-8AC1-69AB949F2D0C}.Release|Any CPU.Build.0 = Release|Any CPU
		{B5EB9119-2AEC-4267-B28C-39F56E69683E}.Debug|Any CPU.ActiveCfg = Debug|Any CPU
		{B5EB9119-2AEC-4267-B28C-39F56E69683E}.Debug|Any CPU.Build.0 = Debug|Any CPU
		{B5EB9119-2AEC-4267-B28C-39F56E69683E}.Release|Any CPU.ActiveCfg = Release|Any CPU
		{B5EB9119-2AEC-4267-B28C-39F56E69683E}.Release|Any CPU.Build.0 = Release|Any CPU
	EndGlobalSection
	GlobalSection(SolutionProperties) = preSolution
		HideSolutionNode = FALSE
	EndGlobalSection
	GlobalSection(ExtensibilityGlobals) = postSolution
		SolutionGuid = {BBEFD637-986F-4A11-B722-B5FA82059035}
	EndGlobalSection
EndGlobal
